{
  "version": "4",
  "specifiers": {
    "jsr:@std/assert@1": "1.0.8",
    "jsr:@std/internal@^1.0.5": "1.0.5",
    "npm:telegramify-markdown@^1.2.2": "1.2.2"
  },
  "jsr": {
    "@std/assert@1.0.8": {
      "integrity": "ebe0bd7eb488ee39686f77003992f389a06c3da1bbd8022184804852b2fa641b",
      "dependencies": [
        "jsr:@std/internal"
      ]
    },
    "@std/internal@1.0.5": {
      "integrity": "54a546004f769c1ac9e025abd15a76b6671ddc9687e2313b67376125650dc7ba"
    }
  },
  "npm": {
    "@types/debug@4.1.12": {
      "integrity": "sha512-vIChWdVG3LG1SMxEvI/AK+FWJthlrqlTu7fbrlywTkkaONwk/UAGaULXRlf8vkzFBLVm0zkMdCquhL5aOjhXPQ==",
      "dependencies": [
        "@types/ms"
      ]
    },
    "@types/mdast@3.0.15": {
      "integrity": "sha512-LnwD+mUEfxWMa1QpDraczIn6k0Ee3SMicuYSSzS6ZYl2gKS09EClnJYGd8Du6rfc5r/GZEk5o1mRb8TaTj03sQ==",
      "dependencies": [
        "@types/unist"
      ]
    },
    "@types/ms@0.7.34": {
      "integrity": "sha512-nG96G3Wp6acyAgJqGasjODb+acrI7KltPiRxzHPXnP3NgI28bpQDRv53olbqGXbfcgF5aiiHmO3xpwEpS5Ld9g=="
    },
    "@types/unist@2.0.11": {
      "integrity": "sha512-CmBKiL6NNo/OqgmMn95Fk9Whlp2mtvIv+KNpQKN2F4SjvrEesubTRWGYSg+BnWZOnlCaSTU1sMpsBOzgbYhnsA=="
    },
    "bail@1.0.5": {
      "integrity": "sha512-xFbRxM1tahm08yHBP16MMjVUAvDaBMD38zsM9EMAUN61omwLmKlOpB/Zku5QkjZ8TZ4vn53pj+t518cH0S03RQ=="
    },
    "ccount@1.1.0": {
      "integrity": "sha512-vlNK021QdI7PNeiUh/lKkC/mNHHfV0m/Ad5JoI0TYtlBnJAslM/JIkm/tGC88bkLIwO6OQ5uV6ztS6kVAtCDlg=="
    },
    "character-entities-legacy@1.1.4": {
      "integrity": "sha512-3Xnr+7ZFS1uxeiUDvV02wQ+QDbc55o97tIV5zHScSPJpcLm/r0DFPcoY3tYRp+VZukxuMeKgXYmsXQHO05zQeA=="
    },
    "character-entities@1.2.4": {
      "integrity": "sha512-iBMyeEHxfVnIakwOuDXpVkc54HijNgCyQB2w0VfGQThle6NXn50zU6V/u+LDhxHcDUPojn6Kpga3PTAD8W1bQw=="
    },
    "character-entities@2.0.2": {
      "integrity": "sha512-shx7oQ0Awen/BRIdkjkvz54PnEEI/EjwXDSIZp86/KKdbafHh1Df/RYGBhn4hbe2+uKC9FnT5UCEdyPz3ai9hQ=="
    },
    "character-reference-invalid@1.1.4": {
      "integrity": "sha512-mKKUkUbhPpQlCOfIuZkvSEgktjPFIsZKRRbC6KWVEMvlzblj3i3asQv5ODsrwt0N3pHAEvjP8KTQPHkp0+6jOg=="
    },
    "debug@4.3.7": {
      "integrity": "sha512-Er2nc/H7RrMXZBFCEim6TCmMk02Z8vLC2Rbi1KEBggpo0fS6l0S1nnapwmIi3yW/+GOJap1Krg4w0Hg80oCqgQ==",
      "dependencies": [
        "ms"
      ]
    },
    "decode-named-character-reference@1.0.2": {
      "integrity": "sha512-O8x12RzrUF8xyVcY0KJowWsmaJxQbmy0/EtnNtHRpsOcT7dFk5W598coHqBVpmWo1oQQfsCqfCmkZN5DJrZVdg==",
      "dependencies": [
        "character-entities@2.0.2"
      ]
    },
    "dequal@2.0.3": {
      "integrity": "sha512-0je+qPKHEMohvfRTCEo3CrPG6cAzAYgmzKyxRiYSSDkS6eGJdyVJm7WaYA5ECaAD9wLB2T4EEeymA5aFVcYXCA=="
    },
    "diff@5.2.0": {
      "integrity": "sha512-uIFDxqpRZGZ6ThOk84hEfqWoHx2devRFvpTZcTHur85vImfaxUbTW9Ryh4CpCuDnToOP1CEtXKIgytHBPVff5A=="
    },
    "escape-string-regexp@4.0.0": {
      "integrity": "sha512-TtpcNJ3XAzx3Gq8sWRzJaVajRs0uVxA2YAkdb1jm2YkPz4G6egUFAyA3n5vtEIZefPk5Wa4UXbKuS5fKkJWdgA=="
    },
    "extend@3.0.2": {
      "integrity": "sha512-fjquC59cD7CyW6urNXK0FBufkZcoiGG80wTuPujX590cB5Ttln20E2UB4S/WARVqhXffZl2LNgS+gQdPIIim/g=="
    },
    "html-comment-regex@1.1.2": {
      "integrity": "sha512-P+M65QY2JQ5Y0G9KKdlDpo0zK+/OHptU5AaBwUfAIDJZk1MYf32Frm84EcOytfJE0t5JvkAnKlmjsXDnWzCJmQ=="
    },
    "is-alphabetical@1.0.4": {
      "integrity": "sha512-DwzsA04LQ10FHTZuL0/grVDk4rFoVH1pjAToYwBrHSxcrBIGQuXrQMtD5U1b0U2XVgKZCTLLP8u2Qxqhy3l2Vg=="
    },
    "is-alphanumerical@1.0.4": {
      "integrity": "sha512-UzoZUr+XfVz3t3v4KyGEniVL9BDRoQtY7tOyrRybkVNjDFWyo1yhXNGrrBTQxp3ib9BLAWs7k2YKBQsFRkZG9A==",
      "dependencies": [
        "is-alphabetical",
        "is-decimal"
      ]
    },
    "is-buffer@2.0.5": {
      "integrity": "sha512-i2R6zNFDwgEHJyQUtJEk0XFi1i0dPFn/oqjK3/vPCcDeJvW5NQ83V8QbicfF1SupOaB0h8ntgBC2YiE7dfyctQ=="
    },
    "is-decimal@1.0.4": {
      "integrity": "sha512-RGdriMmQQvZ2aqaQq3awNA6dCGtKpiDFcOzrTWrDAT2MiWrKQVPmxLGHl7Y2nNu6led0kEyoX0enY0qXYsv9zw=="
    },
    "is-hexadecimal@1.0.4": {
      "integrity": "sha512-gyPJuv83bHMpocVYoqof5VDiZveEoGoFL8m3BXNb2VW8Xs+rz9kqO8LOQ5DH6EsuvilT1ApazU0pyl+ytbPtlw=="
    },
    "is-plain-obj@2.1.0": {
      "integrity": "sha512-YWnfyRwxL/+SsrWYfOpUtz5b3YD+nyfkHvjbcanzk8zgyO4ASD67uVMRt8k5bM4lLMDnXfriRhOpemw+NfT1eA=="
    },
    "kleur@4.1.5": {
      "integrity": "sha512-o+NO+8WrRiQEE4/7nwRJhN1HWpVmJm511pBHUxPLtp0BUISzlBplORYSmTclCnJvQq2tKu/sgl3xVpkc7ZWuQQ=="
    },
    "longest-streak@2.0.4": {
      "integrity": "sha512-vM6rUVCVUJJt33bnmHiZEvr7wPT78ztX7rojL+LW51bHtLh6HTjx84LA5W4+oa6aKEJA7jJu5LR6vQRBpA5DVg=="
    },
    "longest-streak@3.1.0": {
      "integrity": "sha512-9Ri+o0JYgehTaVBBDoMqIl8GXtbWg711O3srftcHhZ0dqnETqLaoIK0x17fUw9rFSlK/0NlsKe0Ahhyl5pXE2g=="
    },
    "markdown-table@2.0.0": {
      "integrity": "sha512-Ezda85ToJUBhM6WGaG6veasyym+Tbs3cMAw/ZhOPqXiYsr0jgocBV3j3nx+4lk47plLlIqjwuTm/ywVI+zjJ/A==",
      "dependencies": [
        "repeat-string"
      ]
    },
    "markdown-table@3.0.4": {
      "integrity": "sha512-wiYz4+JrLyb/DqW2hkFJxP7Vd7JuTDm77fvbM8VfEQdmSMqcImWeeRbHwZjBjIFki/VaMK2BhFi7oUUZeM5bqw=="
    },
    "mdast-util-find-and-replace@1.1.1": {
      "integrity": "sha512-9cKl33Y21lyckGzpSmEQnIDjEfeeWelN5s1kUW1LwdB0Fkuq2u+4GdqcGEygYxJE8GVqCl0741bYXHgamfWAZA==",
      "dependencies": [
        "escape-string-regexp",
        "unist-util-is@4.1.0",
        "unist-util-visit-parents@3.1.1"
      ]
    },
    "mdast-util-from-markdown@0.8.5": {
      "integrity": "sha512-2hkTXtYYnr+NubD/g6KGBS/0mFmBcifAsI0yIWRiRo0PjVs6SSOSOdtzbp6kSGnShDN6G5aWZpKQ2lWRy27mWQ==",
      "dependencies": [
        "@types/mdast",
        "mdast-util-to-string@2.0.0",
        "micromark@2.11.4",
        "parse-entities",
        "unist-util-stringify-position@2.0.3"
      ]
    },
    "mdast-util-from-markdown@1.3.1": {
      "integrity": "sha512-4xTO/M8c82qBcnQc1tgpNtubGUW/Y1tBQ1B0i5CtSoelOLKFYlElIr3bvgREYYO5iRqbMY1YuqZng0GVOI8Qww==",
      "dependencies": [
        "@types/mdast",
        "@types/unist",
        "decode-named-character-reference",
        "mdast-util-to-string@3.2.0",
        "micromark@3.2.0",
        "micromark-util-decode-numeric-character-reference",
        "micromark-util-decode-string",
        "micromark-util-normalize-identifier",
        "micromark-util-symbol",
        "micromark-util-types",
        "unist-util-stringify-position@3.0.3",
        "uvu"
      ]
    },
    "mdast-util-gfm-autolink-literal@0.1.3": {
      "integrity": "sha512-GjmLjWrXg1wqMIO9+ZsRik/s7PLwTaeCHVB7vRxUwLntZc8mzmTsLVr6HW1yLokcnhfURsn5zmSVdi3/xWWu1A==",
      "dependencies": [
        "ccount",
        "mdast-util-find-and-replace",
        "micromark@2.11.4"
      ]
    },
    "mdast-util-gfm-strikethrough@0.2.3": {
      "integrity": "sha512-5OQLXpt6qdbttcDG/UxYY7Yjj3e8P7X16LzvpX8pIQPYJ/C2Z1qFGMmcw+1PZMUM3Z8wt8NRfYTvCni93mgsgA==",
      "dependencies": [
        "mdast-util-to-markdown@0.6.5"
      ]
    },
    "mdast-util-gfm-table@0.1.6": {
      "integrity": "sha512-j4yDxQ66AJSBwGkbpFEp9uG/LS1tZV3P33fN1gkyRB2LoRL+RR3f76m0HPHaby6F4Z5xr9Fv1URmATlRRUIpRQ==",
      "dependencies": [
        "markdown-table@2.0.0",
        "mdast-util-to-markdown@0.6.5"
      ]
    },
    "mdast-util-gfm-table@1.0.7": {
      "integrity": "sha512-jjcpmNnQvrmN5Vx7y7lEc2iIOEytYv7rTvu+MeyAsSHTASGCCRA79Igg2uKssgOs1i1po8s3plW0sTu1wkkLGg==",
      "dependencies": [
        "@types/mdast",
        "markdown-table@3.0.4",
        "mdast-util-from-markdown@1.3.1",
        "mdast-util-to-markdown@1.5.0"
      ]
    },
    "mdast-util-gfm-task-list-item@0.1.6": {
      "integrity": "sha512-/d51FFIfPsSmCIRNp7E6pozM9z1GYPIkSy1urQ8s/o4TC22BZ7DqfHFWiqBD23bc7J3vV1Fc9O4QIHBlfuit8A==",
      "dependencies": [
        "mdast-util-to-markdown@0.6.5"
      ]
    },
    "mdast-util-gfm@0.1.2": {
      "integrity": "sha512-NNkhDx/qYcuOWB7xHUGWZYVXvjPFFd6afg6/e2g+SV4r9q5XUcCbV4Wfa3DLYIiD+xAEZc6K4MGaE/m0KDcPwQ==",
      "dependencies": [
        "mdast-util-gfm-autolink-literal",
        "mdast-util-gfm-strikethrough",
        "mdast-util-gfm-table@0.1.6",
        "mdast-util-gfm-task-list-item",
        "mdast-util-to-markdown@0.6.5"
      ]
    },
    "mdast-util-phrasing@3.0.1": {
      "integrity": "sha512-WmI1gTXUBJo4/ZmSk79Wcb2HcjPJBzM1nlI/OUWA8yk2X9ik3ffNbBGsU+09BFmXaL1IBb9fiuvq6/KMiNycSg==",
      "dependencies": [
        "@types/mdast",
        "unist-util-is@5.2.1"
      ]
    },
    "mdast-util-to-markdown@0.6.5": {
      "integrity": "sha512-XeV9sDE7ZlOQvs45C9UKMtfTcctcaj/pGwH8YLbMHoMOXNNCn2LsqVQOqrF1+/NU8lKDAqozme9SCXWyo9oAcQ==",
      "dependencies": [
        "@types/unist",
        "longest-streak@2.0.4",
        "mdast-util-to-string@2.0.0",
        "parse-entities",
        "repeat-string",
        "zwitch@1.0.5"
      ]
    },
    "mdast-util-to-markdown@1.5.0": {
      "integrity": "sha512-bbv7TPv/WC49thZPg3jXuqzuvI45IL2EVAr/KxF0BSdHsU0ceFHOmwQn6evxAh1GaoK/6GQ1wp4R4oW2+LFL/A==",
      "dependencies": [
        "@types/mdast",
        "@types/unist",
        "longest-streak@3.1.0",
        "mdast-util-phrasing",
        "mdast-util-to-string@3.2.0",
        "micromark-util-decode-string",
        "unist-util-visit@4.1.2",
        "zwitch@2.0.4"
      ]
    },
    "mdast-util-to-string@2.0.0": {
      "integrity": "sha512-AW4DRS3QbBayY/jJmD8437V1Gombjf8RSOUCMFBuo5iHi58AGEgVCKQ+ezHkZZDpAQS75hcBMpLqjpJTjtUL7w=="
    },
    "mdast-util-to-string@3.2.0": {
      "integrity": "sha512-V4Zn/ncyN1QNSqSBxTrMOLpjr+IKdHl2v3KVLoWmDPscP4r9GcCi71gjgvUV1SFSKh92AjAG4peFuBl2/YgCJg==",
      "dependencies": [
        "@types/mdast"
      ]
    },
    "micromark-core-commonmark@1.1.0": {
      "integrity": "sha512-BgHO1aRbolh2hcrzL2d1La37V0Aoz73ymF8rAcKnohLy93titmv62E0gP8Hrx9PKcKrqCZ1BbLGbP3bEhoXYlw==",
      "dependencies": [
        "decode-named-character-reference",
        "micromark-factory-destination",
        "micromark-factory-label",
        "micromark-factory-space",
        "micromark-factory-title",
        "micromark-factory-whitespace",
        "micromark-util-character",
        "micromark-util-chunked",
        "micromark-util-classify-character",
        "micromark-util-html-tag-name",
        "micromark-util-normalize-identifier",
        "micromark-util-resolve-all",
        "micromark-util-subtokenize",
        "micromark-util-symbol",
        "micromark-util-types",
        "uvu"
      ]
    },
    "micromark-extension-gfm-autolink-literal@0.5.7": {
      "integrity": "sha512-ePiDGH0/lhcngCe8FtH4ARFoxKTUelMp4L7Gg2pujYD5CSMb9PbblnyL+AAMud/SNMyusbS2XDSiPIRcQoNFAw==",
      "dependencies": [
        "micromark@2.11.4"
      ]
    },
    "micromark-extension-gfm-strikethrough@0.6.5": {
      "integrity": "sha512-PpOKlgokpQRwUesRwWEp+fHjGGkZEejj83k9gU5iXCbDG+XBA92BqnRKYJdfqfkrRcZRgGuPuXb7DaK/DmxOhw==",
      "dependencies": [
        "micromark@2.11.4"
      ]
    },
    "micromark-extension-gfm-table@0.4.3": {
      "integrity": "sha512-hVGvESPq0fk6ALWtomcwmgLvH8ZSVpcPjzi0AjPclB9FsVRgMtGZkUcpE0zgjOCFAznKepF4z3hX8z6e3HODdA==",
      "dependencies": [
        "micromark@2.11.4"
      ]
    },
    "micromark-extension-gfm-tagfilter@0.3.0": {
      "integrity": "sha512-9GU0xBatryXifL//FJH+tAZ6i240xQuFrSL7mYi8f4oZSbc+NvXjkrHemeYP0+L4ZUT+Ptz3b95zhUZnMtoi/Q=="
    },
    "micromark-extension-gfm-task-list-item@0.3.3": {
      "integrity": "sha512-0zvM5iSLKrc/NQl84pZSjGo66aTGd57C1idmlWmE87lkMcXrTxg1uXa/nXomxJytoje9trP0NDLvw4bZ/Z/XCQ==",
      "dependencies": [
        "micromark@2.11.4"
      ]
    },
    "micromark-extension-gfm@0.3.3": {
      "integrity": "sha512-oVN4zv5/tAIA+l3GbMi7lWeYpJ14oQyJ3uEim20ktYFAcfX1x3LNlFGGlmrZHt7u9YlKExmyJdDGaTt6cMSR/A==",
      "dependencies": [
        "micromark@2.11.4",
        "micromark-extension-gfm-autolink-literal",
        "micromark-extension-gfm-strikethrough",
        "micromark-extension-gfm-table",
        "micromark-extension-gfm-tagfilter",
        "micromark-extension-gfm-task-list-item"
      ]
    },
    "micromark-factory-destination@1.1.0": {
      "integrity": "sha512-XaNDROBgx9SgSChd69pjiGKbV+nfHGDPVYFs5dOoDd7ZnMAE+Cuu91BCpsY8RT2NP9vo/B8pds2VQNCLiu0zhg==",
      "dependencies": [
        "micromark-util-character",
        "micromark-util-symbol",
        "micromark-util-types"
      ]
    },
    "micromark-factory-label@1.1.0": {
      "integrity": "sha512-OLtyez4vZo/1NjxGhcpDSbHQ+m0IIGnT8BoPamh+7jVlzLJBH98zzuCoUeMxvM6WsNeh8wx8cKvqLiPHEACn0w==",
      "dependencies": [
        "micromark-util-character",
        "micromark-util-symbol",
        "micromark-util-types",
        "uvu"
      ]
    },
    "micromark-factory-space@1.1.0": {
      "integrity": "sha512-cRzEj7c0OL4Mw2v6nwzttyOZe8XY/Z8G0rzmWQZTBi/jjwyw/U4uqKtUORXQrR5bAZZnbTI/feRV/R7hc4jQYQ==",
      "dependencies": [
        "micromark-util-character",
        "micromark-util-types"
      ]
    },
    "micromark-factory-title@1.1.0": {
      "integrity": "sha512-J7n9R3vMmgjDOCY8NPw55jiyaQnH5kBdV2/UXCtZIpnHH3P6nHUKaH7XXEYuWwx/xUJcawa8plLBEjMPU24HzQ==",
      "dependencies": [
        "micromark-factory-space",
        "micromark-util-character",
        "micromark-util-symbol",
        "micromark-util-types"
      ]
    },
    "micromark-factory-whitespace@1.1.0": {
      "integrity": "sha512-v2WlmiymVSp5oMg+1Q0N1Lxmt6pMhIHD457whWM7/GUlEks1hI9xj5w3zbc4uuMKXGisksZk8DzP2UyGbGqNsQ==",
      "dependencies": [
        "micromark-factory-space",
        "micromark-util-character",
        "micromark-util-symbol",
        "micromark-util-types"
      ]
    },
    "micromark-util-character@1.2.0": {
      "integrity": "sha512-lXraTwcX3yH/vMDaFWCQJP1uIszLVebzUa3ZHdrgxr7KEU/9mL4mVgCpGbyhvNLNlauROiNUq7WN5u7ndbY6xg==",
      "dependencies": [
        "micromark-util-symbol",
        "micromark-util-types"
      ]
    },
    "micromark-util-chunked@1.1.0": {
      "integrity": "sha512-Ye01HXpkZPNcV6FiyoW2fGZDUw4Yc7vT0E9Sad83+bEDiCJ1uXu0S3mr8WLpsz3HaG3x2q0HM6CTuPdcZcluFQ==",
      "dependencies": [
        "micromark-util-symbol"
      ]
    },
    "micromark-util-classify-character@1.1.0": {
      "integrity": "sha512-SL0wLxtKSnklKSUplok1WQFoGhUdWYKggKUiqhX+Swala+BtptGCu5iPRc+xvzJ4PXE/hwM3FNXsfEVgoZsWbw==",
      "dependencies": [
        "micromark-util-character",
        "micromark-util-symbol",
        "micromark-util-types"
      ]
    },
    "micromark-util-combine-extensions@1.1.0": {
      "integrity": "sha512-Q20sp4mfNf9yEqDL50WwuWZHUrCO4fEyeDCnMGmG5Pr0Cz15Uo7KBs6jq+dq0EgX4DPwwrh9m0X+zPV1ypFvUA==",
      "dependencies": [
        "micromark-util-chunked",
        "micromark-util-types"
      ]
    },
    "micromark-util-decode-numeric-character-reference@1.1.0": {
      "integrity": "sha512-m9V0ExGv0jB1OT21mrWcuf4QhP46pH1KkfWy9ZEezqHKAxkj4mPCy3nIH1rkbdMlChLHX531eOrymlwyZIf2iw==",
      "dependencies": [
        "micromark-util-symbol"
      ]
    },
    "micromark-util-decode-string@1.1.0": {
      "integrity": "sha512-YphLGCK8gM1tG1bd54azwyrQRjCFcmgj2S2GoJDNnh4vYtnL38JS8M4gpxzOPNyHdNEpheyWXCTnnTDY3N+NVQ==",
      "dependencies": [
        "decode-named-character-reference",
        "micromark-util-character",
        "micromark-util-decode-numeric-character-reference",
        "micromark-util-symbol"
      ]
    },
    "micromark-util-encode@1.1.0": {
      "integrity": "sha512-EuEzTWSTAj9PA5GOAs992GzNh2dGQO52UvAbtSOMvXTxv3Criqb6IOzJUBCmEqrrXSblJIJBbFFv6zPxpreiJw=="
    },
    "micromark-util-html-tag-name@1.2.0": {
      "integrity": "sha512-VTQzcuQgFUD7yYztuQFKXT49KghjtETQ+Wv/zUjGSGBioZnkA4P1XXZPT1FHeJA6RwRXSF47yvJ1tsJdoxwO+Q=="
    },
    "micromark-util-normalize-identifier@1.1.0": {
      "integrity": "sha512-N+w5vhqrBihhjdpM8+5Xsxy71QWqGn7HYNUvch71iV2PM7+E3uWGox1Qp90loa1ephtCxG2ftRV/Conitc6P2Q==",
      "dependencies": [
        "micromark-util-symbol"
      ]
    },
    "micromark-util-resolve-all@1.1.0": {
      "integrity": "sha512-b/G6BTMSg+bX+xVCshPTPyAu2tmA0E4X98NSR7eIbeC6ycCqCeE7wjfDIgzEbkzdEVJXRtOG4FbEm/uGbCRouA==",
      "dependencies": [
        "micromark-util-types"
      ]
    },
    "micromark-util-sanitize-uri@1.2.0": {
      "integrity": "sha512-QO4GXv0XZfWey4pYFndLUKEAktKkG5kZTdUNaTAkzbuJxn2tNBOr+QtxR2XpWaMhbImT2dPzyLrPXLlPhph34A==",
      "dependencies": [
        "micromark-util-character",
        "micromark-util-encode",
        "micromark-util-symbol"
      ]
    },
    "micromark-util-subtokenize@1.1.0": {
      "integrity": "sha512-kUQHyzRoxvZO2PuLzMt2P/dwVsTiivCK8icYTeR+3WgbuPqfHgPPy7nFKbeqRivBvn/3N3GBiNC+JRTMSxEC7A==",
      "dependencies": [
        "micromark-util-chunked",
        "micromark-util-symbol",
        "micromark-util-types",
        "uvu"
      ]
    },
    "micromark-util-symbol@1.1.0": {
      "integrity": "sha512-uEjpEYY6KMs1g7QfJ2eX1SQEV+ZT4rUD3UcF6l57acZvLNK7PBZL+ty82Z1qhK1/yXIY4bdx04FKMgR0g4IAag=="
    },
    "micromark-util-types@1.1.0": {
      "integrity": "sha512-ukRBgie8TIAcacscVHSiddHjO4k/q3pnedmzMQ4iwDcK0FtFCohKOlFbaOL/mPgfnPsL3C1ZyxJa4sbWrBl3jg=="
    },
    "micromark@2.11.4": {
      "integrity": "sha512-+WoovN/ppKolQOFIAajxi7Lu9kInbPxFuTBVEavFcL8eAfVstoc5MocPmqBeAdBOJV00uaVjegzH4+MA0DN/uA==",
      "dependencies": [
        "debug",
        "parse-entities"
      ]
    },
    "micromark@3.2.0": {
      "integrity": "sha512-uD66tJj54JLYq0De10AhWycZWGQNUvDI55xPgk2sQM5kn1JYlhbCMTtEeT27+vAhW2FBQxLlOmS3pmA7/2z4aA==",
      "dependencies": [
        "@types/debug",
        "debug",
        "decode-named-character-reference",
        "micromark-core-commonmark",
        "micromark-factory-space",
        "micromark-util-character",
        "micromark-util-chunked",
        "micromark-util-combine-extensions",
        "micromark-util-decode-numeric-character-reference",
        "micromark-util-encode",
        "micromark-util-normalize-identifier",
        "micromark-util-resolve-all",
        "micromark-util-sanitize-uri",
        "micromark-util-subtokenize",
        "micromark-util-symbol",
        "micromark-util-types",
        "uvu"
      ]
    },
    "mri@1.2.0": {
      "integrity": "sha512-tzzskb3bG8LvYGFF/mDTpq3jpI6Q9wc3LEmBaghu+DdCssd1FakN7Bc0hVNmEyGq1bq3RgfkCb3cmQLpNPOroA=="
    },
    "ms@2.1.3": {
      "integrity": "sha512-6FlzubTLZG3J2a/NVCAleEhjzq5oxgHyaCU9yYXvcLsvoVaHJq/s5xXI6/XXP6tz7R9xAOtHnSO/tXtF3WRTlA=="
    },
    "parse-entities@2.0.0": {
      "integrity": "sha512-kkywGpCcRYhqQIchaWqZ875wzpS/bMKhz5HnN3p7wveJTkTtyAB/AlnS0f8DFSqYW1T82t6yEAkEcB+A1I3MbQ==",
      "dependencies": [
        "character-entities@1.2.4",
        "character-entities-legacy",
        "character-reference-invalid",
        "is-alphanumerical",
        "is-decimal",
        "is-hexadecimal"
      ]
    },
    "remark-gfm@1.0.0": {
      "integrity": "sha512-KfexHJCiqvrdBZVbQ6RopMZGwaXz6wFJEfByIuEwGf0arvITHjiKKZ1dpXujjH9KZdm1//XJQwgfnJ3lmXaDPA==",
      "dependencies": [
        "mdast-util-gfm",
        "micromark-extension-gfm"
      ]
    },
    "remark-parse@9.0.0": {
      "integrity": "sha512-geKatMwSzEXKHuzBNU1z676sGcDcFoChMK38TgdHJNAYfFtsfHDQG7MoJAjs6sgYMqyLduCYWDIWZIxiPeafEw==",
      "dependencies": [
        "mdast-util-from-markdown@0.8.5"
      ]
    },
    "remark-remove-comments@0.2.0": {
      "integrity": "sha512-faGaTeqp0bvDgE0uTofa90EBHD4HXeHN+EUaPDR9datgFvaPkYcLxakaJud9LnomFPkOhx0A9NMYFk/lln/etQ==",
      "dependencies": [
        "html-comment-regex",
        "unist-util-visit@2.0.3"
      ]
    },
    "remark-stringify@9.0.1": {
      "integrity": "sha512-mWmNg3ZtESvZS8fv5PTvaPckdL4iNlCHTt8/e/8oN08nArHRHjNZMKzA/YW3+p7/lYqIw4nx1XsjCBo/AxNChg==",
      "dependencies": [
        "mdast-util-to-markdown@0.6.5"
      ]
    },
    "repeat-string@1.6.1": {
      "integrity": "sha512-PV0dzCYDNfRi1jCDbJzpW7jNNDRuCOG/jI5ctQcGKt/clZD+YcPS3yIlWuTJMmESC8aevCFmWJy5wjAFgNqN6w=="
    },
    "sade@1.8.1": {
      "integrity": "sha512-xal3CZX1Xlo/k4ApwCFrHVACi9fBqJ7V+mwhBsuf/1IOKbBy098Fex+Wa/5QMubw09pSZ/u8EY8PWgevJsXp1A==",
      "dependencies": [
        "mri"
      ]
    },
    "telegramify-markdown@1.2.2": {
      "integrity": "sha512-l6JYuOsVy6UtLtYo5XC6ids8lCKTxzFe179GfAED45j4//hrqH7s7a5VRT5xfZFv1qI9nYqe4l8MgVfXG+8LFw==",
      "dependencies": [
        "mdast-util-gfm-table@1.0.7",
        "mdast-util-to-markdown@0.6.5",
        "remark-gfm",
        "remark-parse",
        "remark-remove-comments",
        "remark-stringify",
        "unified",
        "unist-util-remove",
        "unist-util-visit@2.0.3"
      ]
    },
    "trough@1.0.5": {
      "integrity": "sha512-rvuRbTarPXmMb79SmzEp8aqXNKcK+y0XaB298IXueQ8I2PsrATcPBCSPyK/dDNa2iWOhKlfNnOjdAOTBU/nkFA=="
    },
    "unified@9.2.2": {
      "integrity": "sha512-Sg7j110mtefBD+qunSLO1lqOEKdrwBFBrR6Qd8f4uwkhWNlbkaqwHse6e7QvD3AP/MNoJdEDLaf8OxYyoWgorQ==",
      "dependencies": [
        "bail",
        "extend",
        "is-buffer",
        "is-plain-obj",
        "trough",
        "vfile"
      ]
    },
    "unist-util-is@4.1.0": {
      "integrity": "sha512-ZOQSsnce92GrxSqlnEEseX0gi7GH9zTJZ0p9dtu87WRb/37mMPO2Ilx1s/t9vBHrFhbgweUwb+t7cIn5dxPhZg=="
    },
    "unist-util-is@5.2.1": {
      "integrity": "sha512-u9njyyfEh43npf1M+yGKDGVPbY/JWEemg5nH05ncKPfi+kBbKBJoTdsogMu33uhytuLlv9y0O7GH7fEdwLdLQw==",
      "dependencies": [
        "@types/unist"
      ]
    },
    "unist-util-remove@2.1.0": {
      "integrity": "sha512-J8NYPyBm4baYLdCbjmf1bhPu45Cr1MWTm77qd9istEkzWpnN6O9tMsEbB2JhNnBCqGENRqEWomQ+He6au0B27Q==",
      "dependencies": [
        "unist-util-is@4.1.0"
      ]
    },
    "unist-util-stringify-position@2.0.3": {
      "integrity": "sha512-3faScn5I+hy9VleOq/qNbAd6pAx7iH5jYBMS9I1HgQVijz/4mv5Bvw5iw1sC/90CODiKo81G/ps8AJrISn687g==",
      "dependencies": [
        "@types/unist"
      ]
    },
    "unist-util-stringify-position@3.0.3": {
      "integrity": "sha512-k5GzIBZ/QatR8N5X2y+drfpWG8IDBzdnVj6OInRNWm1oXrzydiaAT2OQiA8DPRRZyAKb9b6I2a6PxYklZD0gKg==",
      "dependencies": [
        "@types/unist"
      ]
    },
    "unist-util-visit-parents@3.1.1": {
      "integrity": "sha512-1KROIZWo6bcMrZEwiH2UrXDyalAa0uqzWCxCJj6lPOvTve2WkfgCytoDTPaMnodXh1WrXOq0haVYHj99ynJlsg==",
      "dependencies": [
        "@types/unist",
        "unist-util-is@4.1.0"
      ]
    },
    "unist-util-visit-parents@5.1.3": {
      "integrity": "sha512-x6+y8g7wWMyQhL1iZfhIPhDAs7Xwbn9nRosDXl7qoPTSCy0yNxnKc+hWokFifWQIDGi154rdUqKvbCa4+1kLhg==",
      "dependencies": [
        "@types/unist",
        "unist-util-is@5.2.1"
      ]
    },
    "unist-util-visit@2.0.3": {
      "integrity": "sha512-iJ4/RczbJMkD0712mGktuGpm/U4By4FfDonL7N/9tATGIF4imikjOuagyMY53tnZq3NP6BcmlrHhEKAfGWjh7Q==",
      "dependencies": [
        "@types/unist",
        "unist-util-is@4.1.0",
        "unist-util-visit-parents@3.1.1"
      ]
    },
    "unist-util-visit@4.1.2": {
      "integrity": "sha512-MSd8OUGISqHdVvfY9TPhyK2VdUrPgxkUtWSuMHF6XAAFuL4LokseigBnZtPnJMu+FbynTkFNnFlyjxpVKujMRg==",
      "dependencies": [
        "@types/unist",
        "unist-util-is@5.2.1",
        "unist-util-visit-parents@5.1.3"
      ]
    },
    "uvu@0.5.6": {
      "integrity": "sha512-+g8ENReyr8YsOc6fv/NVJs2vFdHBnBNdfE49rshrTzDWOlUx4Gq7KOS2GD8eqhy2j+Ejq29+SbKH8yjkAqXqoA==",
      "dependencies": [
        "dequal",
        "diff",
        "kleur",
        "sade"
      ]
    },
    "vfile-message@2.0.4": {
      "integrity": "sha512-DjssxRGkMvifUOJre00juHoP9DPWuzjxKuMDrhNbk2TdaYYBNMStsNhEOt3idrtI12VQYM/1+iM0KOzXi4pxwQ==",
      "dependencies": [
        "@types/unist",
        "unist-util-stringify-position@2.0.3"
      ]
    },
    "vfile@4.2.1": {
      "integrity": "sha512-O6AE4OskCG5S1emQ/4gl8zK586RqA3srz3nfK/Viy0UPToBc5Trp9BVFb1u0CjsKrAWwnpr4ifM/KBXPWwJbCA==",
      "dependencies": [
        "@types/unist",
        "is-buffer",
        "unist-util-stringify-position@2.0.3",
        "vfile-message"
      ]
    },
    "zwitch@1.0.5": {
      "integrity": "sha512-V50KMwwzqJV0NpZIZFwfOD5/lyny3WlSzRiXgA0G7VUnRlqttta1L6UQIHzd6EuBY/cHGfwTIck7w1yH6Q5zUw=="
    },
    "zwitch@2.0.4": {
      "integrity": "sha512-bXE4cR/kVZhKZX/RjPEflHaKVhUVl85noU3v6b8apfQEc1x4A+zBxjZ4lN8LqGd6WZ3dl98pY4o717VFmoPp+A=="
    }
  },
  "workspace": {
    "dependencies": [
      "jsr:@std/assert@1",
      "npm:telegramify-markdown@^1.2.2"
    ]
  }
}
